// !$*UTF8*$!
{
	archiveVersion = 1;
	classes = {
	};
	objectVersion = 50;
	objects = {

/* Begin PBXBuildFile section */
		13B76C0324D75E9D0033A68E /* AppDelegate.swift in Sources */ = {isa = PBXBuildFile; fileRef = 13B76C0224D75E9D0033A68E /* AppDelegate.swift */; };
		13B76C0524D75E9D0033A68E /* SceneDelegate.swift in Sources */ = {isa = PBXBuildFile; fileRef = 13B76C0424D75E9D0033A68E /* SceneDelegate.swift */; };
		13B76C0724D75E9D0033A68E /* ViewController.swift in Sources */ = {isa = PBXBuildFile; fileRef = 13B76C0624D75E9D0033A68E /* ViewController.swift */; };
		13B76C0A24D75E9D0033A68E /* Main.storyboard in Resources */ = {isa = PBXBuildFile; fileRef = 13B76C0824D75E9D0033A68E /* Main.storyboard */; };
		13B76C0C24D75EA10033A68E /* Assets.xcassets in Resources */ = {isa = PBXBuildFile; fileRef = 13B76C0B24D75EA10033A68E /* Assets.xcassets */; };
		13B76C0F24D75EA10033A68E /* LaunchScreen.storyboard in Resources */ = {isa = PBXBuildFile; fileRef = 13B76C0D24D75EA10033A68E /* LaunchScreen.storyboard */; };
		13B76C1A24D75EA10033A68E /* tipcalcTests.swift in Sources */ = {isa = PBXBuildFile; fileRef = 13B76C1924D75EA10033A68E /* tipcalcTests.swift */; };
		13B76C2524D75EA10033A68E /* tipcalcUITests.swift in Sources */ = {isa = PBXBuildFile; fileRef = 13B76C2424D75EA10033A68E /* tipcalcUITests.swift */; };
/* End PBXBuildFile section */

/* Begin PBXContainerItemProxy section */
		13B76C1624D75EA10033A68E /* PBXContainerItemProxy */ = {
			isa = PBXContainerItemProxy;
			containerPortal = 13B76BF724D75E9D0033A68E /* Project object */;
			proxyType = 1;
			remoteGlobalIDString = 13B76BFE24D75E9D0033A68E;
			remoteInfo = tipcalc;
		};
		13B76C2124D75EA10033A68E /* PBXContainerItemProxy */ = {
			isa = PBXContainerItemProxy;
			containerPortal = 13B76BF724D75E9D0033A68E /* Project object */;
			proxyType = 1;
			remoteGlobalIDString = 13B76BFE24D75E9D0033A68E;
			remoteInfo = tipcalc;
		};
/* End PBXContainerItemProxy section */

/* Begin PBXFileReference section */
		13B76BFF24D75E9D0033A68E /* tipcalc.app */ = {isa = PBXFileReference; explicitFileType = wrapper.application; includeInIndex = 0; path = tipcalc.app; sourceTree = BUILT_PRODUCTS_DIR; };
		13B76C0224D75E9D0033A68E /* AppDelegate.swift */ = {isa = PBXFileReference; lastKnownFileType = sourcecode.swift; path = AppDelegate.swift; sourceTree = "<group>"; };
		13B76C0424D75E9D0033A68E /* SceneDelegate.swift */ = {isa = PBXFileReference; lastKnownFileType = sourcecode.swift; path = SceneDelegate.swift; sourceTree = "<group>"; };
		13B76C0624D75E9D0033A68E /* ViewController.swift */ = {isa = PBXFileReference; lastKnownFileType = sourcecode.swift; path = ViewController.swift; sourceTree = "<group>"; };
		13B76C0924D75E9D0033A68E /* Base */ = {isa = PBXFileReference; lastKnownFileType = file.storyboard; name = Base; path = Base.lproj/Main.storyboard; sourceTree = "<group>"; };
		13B76C0B24D75EA10033A68E /* Assets.xcassets */ = {isa = PBXFileReference; lastKnownFileType = folder.assetcatalog; path = Assets.xcassets; sourceTree = "<group>"; };
		13B76C0E24D75EA10033A68E /* Base */ = {isa = PBXFileReference; lastKnownFileType = file.storyboard; name = Base; path = Base.lproj/LaunchScreen.storyboard; sourceTree = "<group>"; };
		13B76C1024D75EA10033A68E /* Info.plist */ = {isa = PBXFileReference; lastKnownFileType = text.plist.xml; path = Info.plist; sourceTree = "<group>"; };
		13B76C1524D75EA10033A68E /* tipcalcTests.xctest */ = {isa = PBXFileReference; explicitFileType = wrapper.cfbundle; includeInIndex = 0; path = tipcalcTests.xctest; sourceTree = BUILT_PRODUCTS_DIR; };
		13B76C1924D75EA10033A68E /* tipcalcTests.swift */ = {isa = PBXFileReference; lastKnownFileType = sourcecode.swift; path = tipcalcTests.swift; sourceTree = "<group>"; };
		13B76C1B24D75EA10033A68E /* Info.plist */ = {isa = PBXFileReference; lastKnownFileType = text.plist.xml; path = Info.plist; sourceTree = "<group>"; };
		13B76C2024D75EA10033A68E /* tipcalcUITests.xctest */ = {isa = PBXFileReference; explicitFileType = wrapper.cfbundle; includeInIndex = 0; path = tipcalcUITests.xctest; sourceTree = BUILT_PRODUCTS_DIR; };
		13B76C2424D75EA10033A68E /* tipcalcUITests.swift */ = {isa = PBXFileReference; lastKnownFileType = sourcecode.swift; path = tipcalcUITests.swift; sourceTree = "<group>"; };
		13B76C2624D75EA10033A68E /* Info.plist */ = {isa = PBXFileReference; lastKnownFileType = text.plist.xml; path = Info.plist; sourceTree = "<group>"; };
/* End PBXFileReference section */

/* Begin PBXFrameworksBuildPhase section */
		13B76BFC24D75E9D0033A68E /* Frameworks */ = {
			isa = PBXFrameworksBuildPhase;
			buildActionMask = 2147483647;
			files = (
			);
			runOnlyForDeploymentPostprocessing = 0;
		};
		13B76C1224D75EA10033A68E /* Frameworks */ = {
			isa = PBXFrameworksBuildPhase;
			buildActionMask = 2147483647;
			files = (
			);
			runOnlyForDeploymentPostprocessing = 0;
		};
		13B76C1D24D75EA10033A68E /* Frameworks */ = {
			isa = PBXFrameworksBuildPhase;
			buildActionMask = 2147483647;
			files = (
			);
			runOnlyForDeploymentPostprocessing = 0;
		};
/* End PBXFrameworksBuildPhase section */

/* Begin PBXGroup section */
		13B76BF624D75E9D0033A68E = {
			isa = PBXGroup;
			children = (
				13B76C0124D75E9D0033A68E /* tipcalc */,
				13B76C1824D75EA10033A68E /* tipcalcTests */,
				13B76C2324D75EA10033A68E /* tipcalcUITests */,
				13B76C0024D75E9D0033A68E /* Products */,
			);
			sourceTree = "<group>";
		};
		13B76C0024D75E9D0033A68E /* Products */ = {
			isa = PBXGroup;
			children = (
				13B76BFF24D75E9D0033A68E /* tipcalc.app */,
				13B76C1524D75EA10033A68E /* tipcalcTests.xctest */,
				13B76C2024D75EA10033A68E /* tipcalcUITests.xctest */,
			);
			name = Products;
			sourceTree = "<group>";
		};
		13B76C0124D75E9D0033A68E /* tipcalc */ = {
			isa = PBXGroup;
			children = (
				13B76C0224D75E9D0033A68E /* AppDelegate.swift */,
				13B76C0424D75E9D0033A68E /* SceneDelegate.swift */,
				13B76C0624D75E9D0033A68E /* ViewController.swift */,
				13B76C0824D75E9D0033A68E /* Main.storyboard */,
				13B76C0B24D75EA10033A68E /* Assets.xcassets */,
				13B76C0D24D75EA10033A68E /* LaunchScreen.storyboard */,
				13B76C1024D75EA10033A68E /* Info.plist */,
			);
			path = tipcalc;
			sourceTree = "<group>";
		};
		13B76C1824D75EA10033A68E /* tipcalcTests */ = {
			isa = PBXGroup;
			children = (
				13B76C1924D75EA10033A68E /* tipcalcTests.swift */,
				13B76C1B24D75EA10033A68E /* Info.plist */,
			);
			path = tipcalcTests;
			sourceTree = "<group>";
		};
		13B76C2324D75EA10033A68E /* tipcalcUITests */ = {
			isa = PBXGroup;
			children = (
				13B76C2424D75EA10033A68E /* tipcalcUITests.swift */,
				13B76C2624D75EA10033A68E /* Info.plist */,
			);
			path = tipcalcUITests;
			sourceTree = "<group>";
		};
/* End PBXGroup section */

/* Begin PBXNativeTarget section */
		13B76BFE24D75E9D0033A68E /* tipcalc */ = {
			isa = PBXNativeTarget;
			buildConfigurationList = 13B76C2924D75EA10033A68E /* Build configuration list for PBXNativeTarget "tipcalc" */;
			buildPhases = (
				13B76BFB24D75E9D0033A68E /* Sources */,
				13B76BFC24D75E9D0033A68E /* Frameworks */,
				13B76BFD24D75E9D0033A68E /* Resources */,
			);
			buildRules = (
			);
			dependencies = (
			);
			name = tipcalc;
			productName = tipcalc;
			productReference = 13B76BFF24D75E9D0033A68E /* tipcalc.app */;
			productType = "com.apple.product-type.application";
		};
		13B76C1424D75EA10033A68E /* tipcalcTests */ = {
			isa = PBXNativeTarget;
			buildConfigurationList = 13B76C2C24D75EA10033A68E /* Build configuration list for PBXNativeTarget "tipcalcTests" */;
			buildPhases = (
				13B76C1124D75EA10033A68E /* Sources */,
				13B76C1224D75EA10033A68E /* Frameworks */,
				13B76C1324D75EA10033A68E /* Resources */,
			);
			buildRules = (
			);
			dependencies = (
				13B76C1724D75EA10033A68E /* PBXTargetDependency */,
			);
			name = tipcalcTests;
			productName = tipcalcTests;
			productReference = 13B76C1524D75EA10033A68E /* tipcalcTests.xctest */;
			productType = "com.apple.product-type.bundle.unit-test";
		};
		13B76C1F24D75EA10033A68E /* tipcalcUITests */ = {
			isa = PBXNativeTarget;
			buildConfigurationList = 13B76C2F24D75EA10033A68E /* Build configuration list for PBXNativeTarget "tipcalcUITests" */;
			buildPhases = (
				13B76C1C24D75EA10033A68E /* Sources */,
				13B76C1D24D75EA10033A68E /* Frameworks */,
				13B76C1E24D75EA10033A68E /* Resources */,
			);
			buildRules = (
			);
			dependencies = (
				13B76C2224D75EA10033A68E /* PBXTargetDependency */,
			);
			name = tipcalcUITests;
			productName = tipcalcUITests;
			productReference = 13B76C2024D75EA10033A68E /* tipcalcUITests.xctest */;
			productType = "com.apple.product-type.bundle.ui-testing";
		};
/* End PBXNativeTarget section */

/* Begin PBXProject section */
		13B76BF724D75E9D0033A68E /* Project object */ = {
			isa = PBXProject;
			attributes = {
				LastSwiftUpdateCheck = 1140;
				LastUpgradeCheck = 1140;
				ORGANIZATIONNAME = TA;
				TargetAttributes = {
					13B76BFE24D75E9D0033A68E = {
						CreatedOnToolsVersion = 11.4.1;
					};
					13B76C1424D75EA10033A68E = {
						CreatedOnToolsVersion = 11.4.1;
						TestTargetID = 13B76BFE24D75E9D0033A68E;
					};
					13B76C1F24D75EA10033A68E = {
						CreatedOnToolsVersion = 11.4.1;
						TestTargetID = 13B76BFE24D75E9D0033A68E;
					};
				};
			};
			buildConfigurationList = 13B76BFA24D75E9D0033A68E /* Build configuration list for PBXProject "tipcalc" */;
			compatibilityVersion = "Xcode 9.3";
			developmentRegion = en;
			hasScannedForEncodings = 0;
			knownRegions = (
				en,
				Base,
			);
			mainGroup = 13B76BF624D75E9D0033A68E;
			productRefGroup = 13B76C0024D75E9D0033A68E /* Products */;
			projectDirPath = "";
			projectRoot = "";
			targets = (
				13B76BFE24D75E9D0033A68E /* tipcalc */,
				13B76C1424D75EA10033A68E /* tipcalcTests */,
				13B76C1F24D75EA10033A68E /* tipcalcUITests */,
			);
		};
/* End PBXProject section */

/* Begin PBXResourcesBuildPhase section */
		13B76BFD24D75E9D0033A68E /* Resources */ = {
			isa = PBXResourcesBuildPhase;
			buildActionMask = 2147483647;
			files = (
				13B76C0F24D75EA10033A68E /* LaunchScreen.storyboard in Resources */,
				13B76C0C24D75EA10033A68E /* Assets.xcassets in Resources */,
				13B76C0A24D75E9D0033A68E /* Main.storyboard in Resources */,
			);
			runOnlyForDeploymentPostprocessing = 0;
		};
		13B76C1324D75EA10033A68E /* Resources */ = {
			isa = PBXResourcesBuildPhase;
			buildActionMask = 2147483647;
			files = (
			);
			runOnlyForDeploymentPostprocessing = 0;
		};
		13B76C1E24D75EA10033A68E /* Resources */ = {
			isa = PBXResourcesBuildPhase;
			buildActionMask = 2147483647;
			files = (
			);
			runOnlyForDeploymentPostprocessing = 0;
		};
/* End PBXResourcesBuildPhase section */

/* Begin PBXSourcesBuildPhase section */
		13B76BFB24D75E9D0033A68E /* Sources */ = {
			isa = PBXSourcesBuildPhase;
			buildActionMask = 2147483647;
			files = (
				13B76C0724D75E9D0033A68E /* ViewController.swift in Sources */,
				13B76C0324D75E9D0033A68E /* AppDelegate.swift in Sources */,
				13B76C0524D75E9D0033A68E /* SceneDelegate.swift in Sources */,
			);
			runOnlyForDeploymentPostprocessing = 0;
		};
		13B76C1124D75EA10033A68E /* Sources */ = {
			isa = PBXSourcesBuildPhase;
			buildActionMask = 2147483647;
			files = (
				13B76C1A24D75EA10033A68E /* tipcalcTests.swift in Sources */,
			);
			runOnlyForDeploymentPostprocessing = 0;
		};
		13B76C1C24D75EA10033A68E /* Sources */ = {
			isa = PBXSourcesBuildPhase;
			buildActionMask = 2147483647;
			files = (
				13B76C2524D75EA10033A68E /* tipcalcUITests.swift in Sources */,
			);
			runOnlyForDeploymentPostprocessing = 0;
		};
/* End PBXSourcesBuildPhase section */

/* Begin PBXTargetDependency section */
		13B76C1724D75EA10033A68E /* PBXTargetDependency */ = {
			isa = PBXTargetDependency;
			target = 13B76BFE24D75E9D0033A68E /* tipcalc */;
			targetProxy = 13B76C1624D75EA10033A68E /* PBXContainerItemProxy */;
		};
		13B76C2224D75EA10033A68E /* PBXTargetDependency */ = {
			isa = PBXTargetDependency;
			target = 13B76BFE24D75E9D0033A68E /* tipcalc */;
			targetProxy = 13B76C2124D75EA10033A68E /* PBXContainerItemProxy */;
		};
/* End PBXTargetDependency section */

/* Begin PBXVariantGroup section */
		13B76C0824D75E9D0033A68E /* Main.storyboard */ = {
			isa = PBXVariantGroup;
			children = (
				13B76C0924D75E9D0033A68E /* Base */,
			);
			name = Main.storyboard;
			sourceTree = "<group>";
		};
		13B76C0D24D75EA10033A68E /* LaunchScreen.storyboard */ = {
			isa = PBXVariantGroup;
			children = (
				13B76C0E24D75EA10033A68E /* Base */,
			);
			name = LaunchScreen.storyboard;
			sourceTree = "<group>";
		};
/* End PBXVariantGroup section */

/* Begin XCBuildConfiguration section */
		13B76C2724D75EA10033A68E /* Debug */ = {
			isa = XCBuildConfiguration;
			buildSettings = {
				ALWAYS_SEARCH_USER_PATHS = NO;
				CLANG_ANALYZER_NONNULL = YES;
				CLANG_ANALYZER_NUMBER_OBJECT_CONVERSION = YES_AGGRESSIVE;
				CLANG_CXX_LANGUAGE_STANDARD = "gnu++14";
				CLANG_CXX_LIBRARY = "libc++";
				CLANG_ENABLE_MODULES = YES;
				CLANG_ENABLE_OBJC_ARC = YES;
				CLANG_ENABLE_OBJC_WEAK = YES;
				CLANG_WARN_BLOCK_CAPTURE_AUTORELEASING = YES;
				CLANG_WARN_BOOL_CONVERSION = YES;
				CLANG_WARN_COMMA = YES;
				CLANG_WARN_CONSTANT_CONVERSION = YES;
				CLANG_WARN_DEPRECATED_OBJC_IMPLEMENTATIONS = YES;
				CLANG_WARN_DIRECT_OBJC_ISA_USAGE = YES_ERROR;
				CLANG_WARN_DOCUMENTATION_COMMENTS = YES;
				CLANG_WARN_EMPTY_BODY = YES;
				CLANG_WARN_ENUM_CONVERSION = YES;
				CLANG_WARN_INFINITE_RECURSION = YES;
				CLANG_WARN_INT_CONVERSION = YES;
				CLANG_WARN_NON_LITERAL_NULL_CONVERSION = YES;
				CLANG_WARN_OBJC_IMPLICIT_RETAIN_SELF = YES;
				CLANG_WARN_OBJC_LITERAL_CONVERSION = YES;
				CLANG_WARN_OBJC_ROOT_CLASS = YES_ERROR;
				CLANG_WARN_RANGE_LOOP_ANALYSIS = YES;
				CLANG_WARN_STRICT_PROTOTYPES = YES;
				CLANG_WARN_SUSPICIOUS_MOVE = YES;
				CLANG_WARN_UNGUARDED_AVAILABILITY = YES_AGGRESSIVE;
				CLANG_WARN_UNREACHABLE_CODE = YES;
				CLANG_WARN__DUPLICATE_METHOD_MATCH = YES;
				COPY_PHASE_STRIP = NO;
				DEBUG_INFORMATION_FORMAT = dwarf;
				ENABLE_STRICT_OBJC_MSGSEND = YES;
				ENABLE_TESTABILITY = YES;
				GCC_C_LANGUAGE_STANDARD = gnu11;
				GCC_DYNAMIC_NO_PIC = NO;
				GCC_NO_COMMON_BLOCKS = YES;
				GCC_OPTIMIZATION_LEVEL = 0;
				GCC_PREPROCESSOR_DEFINITIONS = (
					"DEBUG=1",
					"$(inherited)",
				);
				GCC_WARN_64_TO_32_BIT_CONVERSION = YES;
				GCC_WARN_ABOUT_RETURN_TYPE = YES_ERROR;
				GCC_WARN_UNDECLARED_SELECTOR = YES;
				GCC_WARN_UNINITIALIZED_AUTOS = YES_AGGRESSIVE;
				GCC_WARN_UNUSED_FUNCTION = YES;
				GCC_WARN_UNUSED_VARIABLE = YES;
				IPHONEOS_DEPLOYMENT_TARGET = 13.4;
				MTL_ENABLE_DEBUG_INFO = INCLUDE_SOURCE;
				MTL_FAST_MATH = YES;
				ONLY_ACTIVE_ARCH = YES;
				SDKROOT = iphoneos;
				SWIFT_ACTIVE_COMPILATION_CONDITIONS = DEBUG;
				SWIFT_OPTIMIZATION_LEVEL = "-Onone";
			};
			name = Debug;
		};
		13B76C2824D75EA10033A68E /* Release */ = {
			isa = XCBuildConfiguration;
			buildSettings = {
				ALWAYS_SEARCH_USER_PATHS = NO;
				CLANG_ANALYZER_NONNULL = YES;
				CLANG_ANALYZER_NUMBER_OBJECT_CONVERSION = YES_AGGRESSIVE;
				CLANG_CXX_LANGUAGE_STANDARD = "gnu++14";
				CLANG_CXX_LIBRARY = "libc++";
				CLANG_ENABLE_MODULES = YES;
				CLANG_ENABLE_OBJC_ARC = YES;
				CLANG_ENABLE_OBJC_WEAK = YES;
				CLANG_WARN_BLOCK_CAPTURE_AUTORELEASING = YES;
				CLANG_WARN_BOOL_CONVERSION = YES;
				CLANG_WARN_COMMA = YES;
				CLANG_WARN_CONSTANT_CONVERSION = YES;
				CLANG_WARN_DEPRECATED_OBJC_IMPLEMENTATIONS = YES;
				CLANG_WARN_DIRECT_OBJC_ISA_USAGE = YES_ERROR;
				CLANG_WARN_DOCUMENTATION_COMMENTS = YES;
				CLANG_WARN_EMPTY_BODY = YES;
				CLANG_WARN_ENUM_CONVERSION = YES;
				CLANG_WARN_INFINITE_RECURSION = YES;
				CLANG_WARN_INT_CONVERSION = YES;
				CLANG_WARN_NON_LITERAL_NULL_CONVERSION = YES;
				CLANG_WARN_OBJC_IMPLICIT_RETAIN_SELF = YES;
				CLANG_WARN_OBJC_LITERAL_CONVERSION = YES;
				CLANG_WARN_OBJC_ROOT_CLASS = YES_ERROR;
				CLANG_WARN_RANGE_LOOP_ANALYSIS = YES;
				CLANG_WARN_STRICT_PROTOTYPES = YES;
				CLANG_WARN_SUSPICIOUS_MOVE = YES;
				CLANG_WARN_UNGUARDED_AVAILABILITY = YES_AGGRESSIVE;
				CLANG_WARN_UNREACHABLE_CODE = YES;
				CLANG_WARN__DUPLICATE_METHOD_MATCH = YES;
				COPY_PHASE_STRIP = NO;
				DEBUG_INFORMATION_FORMAT = "dwarf-with-dsym";
				ENABLE_NS_ASSERTIONS = NO;
				ENABLE_STRICT_OBJC_MSGSEND = YES;
				GCC_C_LANGUAGE_STANDARD = gnu11;
				GCC_NO_COMMON_BLOCKS = YES;
				GCC_WARN_64_TO_32_BIT_CONVERSION = YES;
				GCC_WARN_ABOUT_RETURN_TYPE = YES_ERROR;
				GCC_WARN_UNDECLARED_SELECTOR = YES;
				GCC_WARN_UNINITIALIZED_AUTOS = YES_AGGRESSIVE;
				GCC_WARN_UNUSED_FUNCTION = YES;
				GCC_WARN_UNUSED_VARIABLE = YES;
				IPHONEOS_DEPLOYMENT_TARGET = 13.4;
				MTL_ENABLE_DEBUG_INFO = NO;
				MTL_FAST_MATH = YES;
				SDKROOT = iphoneos;
				SWIFT_COMPILATION_MODE = wholemodule;
				SWIFT_OPTIMIZATION_LEVEL = "-O";
				VALIDATE_PRODUCT = YES;
			};
			name = Release;
		};
		13B76C2A24D75EA10033A68E /* Debug */ = {
			isa = XCBuildConfiguration;
			buildSettings = {
				ASSETCATALOG_COMPILER_APPICON_NAME = AppIcon;
				CODE_SIGN_STYLE = Automatic;
				INFOPLIST_FILE = tipcalc/Info.plist;
				LD_RUNPATH_SEARCH_PATHS = (
					"$(inherited)",
					"@executable_path/Frameworks",
				);
				PRODUCT_BUNDLE_IDENTIFIER = taanguyen.tipcalc;
				PRODUCT_NAME = "$(TARGET_NAME)";
				SWIFT_VERSION = 5.0;
				TARGETED_DEVICE_FAMILY = "1,2";
			};
			name = Debug;
		};
		13B76C2B24D75EA10033A68E /* Release */ = {
			isa = XCBuildConfiguration;
			buildSettings = {
				ASSETCATALOG_COMPILER_APPICON_NAME = AppIcon;
				CODE_SIGN_STYLE = Automatic;
				INFOPLIST_FILE = tipcalc/Info.plist;
				LD_RUNPATH_SEARCH_PATHS = (
					"$(inherited)",
					"@executable_path/Frameworks",
				);
				PRODUCT_BUNDLE_IDENTIFIER = taanguyen.tipcalc;
				PRODUCT_NAME = "$(TARGET_NAME)";
				SWIFT_VERSION = 5.0;
				TARGETED_DEVICE_FAMILY = "1,2";
			};
			name = Release;
		};
		13B76C2D24D75EA10033A68E /* Debug */ = {
			isa = XCBuildConfiguration;
			buildSettings = {
				ALWAYS_EMBED_SWIFT_STANDARD_LIBRARIES = YES;
				BUNDLE_LOADER = "$(TEST_HOST)";
				CODE_SIGN_STYLE = Automatic;
				INFOPLIST_FILE = tipcalcTests/Info.plist;
				IPHONEOS_DEPLOYMENT_TARGET = 13.4;
				LD_RUNPATH_SEARCH_PATHS = (
					"$(inherited)",
					"@executable_path/Frameworks",
					"@loader_path/Frameworks",
				);
				PRODUCT_BUNDLE_IDENTIFIER = taanguyen.tipcalcTests;
				PRODUCT_NAME = "$(TARGET_NAME)";
				SWIFT_VERSION = 5.0;
				TARGETED_DEVICE_FAMILY = "1,2";
				TEST_HOST = "$(BUILT_PRODUCTS_DIR)/tipcalc.app/tipcalc";
			};
			name = Debug;
		};
		13B76C2E24D75EA10033A68E /* Release */ = {
			isa = XCBuildConfiguration;
			buildSettings = {
				ALWAYS_EMBED_SWIFT_STANDARD_LIBRARIES = YES;
				BUNDLE_LOADER = "$(TEST_HOST)";
				CODE_SIGN_STYLE = Automatic;
				INFOPLIST_FILE = tipcalcTests/Info.plist;
				IPHONEOS_DEPLOYMENT_TARGET = 13.4;
				LD_RUNPATH_SEARCH_PATHS = (
					"$(inherited)",
					"@executable_path/Frameworks",
					"@loader_path/Frameworks",
				);
				PRODUCT_BUNDLE_IDENTIFIER = taanguyen.tipcalcTests;
				PRODUCT_NAME = "$(TARGET_NAME)";
				SWIFT_VERSION = 5.0;
				TARGETED_DEVICE_FAMILY = "1,2";
				TEST_HOST = "$(BUILT_PRODUCTS_DIR)/tipcalc.app/tipcalc";
			};
			name = Release;
		};
		13B76C3024D75EA10033A68E /* Debug */ = {
			isa = XCBuildConfiguration;
			buildSettings = {
				ALWAYS_EMBED_SWIFT_STANDARD_LIBRARIES = YES;
				CODE_SIGN_STYLE = Automatic;
				INFOPLIST_FILE = tipcalcUITests/Info.plist;
				LD_RUNPATH_SEARCH_PATHS = (
					"$(inherited)",
					"@executable_path/Frameworks",
					"@loader_path/Frameworks",
				);
				PRODUCT_BUNDLE_IDENTIFIER = taanguyen.tipcalcUITests;
				PRODUCT_NAME = "$(TARGET_NAME)";
				SWIFT_VERSION = 5.0;
				TARGETED_DEVICE_FAMILY = "1,2";
				TEST_TARGET_NAME = tipcalc;
			};
			name = Debug;
		};
		13B76C3124D75EA10033A68E /* Release */ = {
			isa = XCBuildConfiguration;
			buildSettings = {
				ALWAYS_EMBED_SWIFT_STANDARD_LIBRARIES = YES;
				CODE_SIGN_STYLE = Automatic;
				INFOPLIST_FILE = tipcalcUITests/Info.plist;
				LD_RUNPATH_SEARCH_PATHS = (
					"$(inherited)",
					"@executable_path/Frameworks",
					"@loader_path/Frameworks",
				);
				PRODUCT_BUNDLE_IDENTIFIER = taanguyen.tipcalcUITests;
				PRODUCT_NAME = "$(TARGET_NAME)";
				SWIFT_VERSION = 5.0;
				TARGETED_DEVICE_FAMILY = "1,2";
				TEST_TARGET_NAME = tipcalc;
			};
			name = Release;
		};
/* End XCBuildConfiguration section */

/* Begin XCConfigurationList section */
		13B76BFA24D75E9D0033A68E /* Build configuration list for PBXProject "tipcalc" */ = {
			isa = XCConfigurationList;
			buildConfigurations = (
				13B76C2724D75EA10033A68E /* Debug */,
				13B76C2824D75EA10033A68E /* Release */,
			);
			defaultConfigurationIsVisible = 0;
			defaultConfigurationName = Release;
		};
		13B76C2924D75EA10033A68E /* Build configuration list for PBXNativeTarget "tipcalc" */ = {
			isa = XCConfigurationList;
			buildConfigurations = (
				13B76C2A24D75EA10033A68E /* Debug */,
				13B76C2B24D75EA10033A68E /* Release */,
			);
			defaultConfigurationIsVisible = 0;
			defaultConfigurationName = Release;
		};
		13B76C2C24D75EA10033A68E /* Build configuration list for PBXNativeTarget "tipcalcTests" */ = {
			isa = XCConfigurationList;
			buildConfigurations = (
				13B76C2D24D75EA10033A68E /* Debug */,
				13B76C2E24D75EA10033A68E /* Release */,
			);
			defaultConfigurationIsVisible = 0;
			defaultConfigurationName = Release;
		};
		13B76C2F24D75EA10033A68E /* Build configuration list for PBXNativeTarget "tipcalcUITests" */ = {
			isa = XCConfigurationList;
			buildConfigurations = (
				13B76C3024D75EA10033A68E /* Debug */,
				13B76C3124D75EA10033A68E /* Release */,
			);
			defaultConfigurationIsVisible = 0;
			defaultConfigurationName = Release;
		};
/* End XCConfigurationList section */
	};
	rootObject = 13B76BF724D75E9D0033A68E /* Project object */;
}
